// !$*UTF8*$!
{
	archiveVersion = 1;
	classes = {
	};
	objectVersion = 46;
	objects = {

/* Begin PBXBuildFile section */
		01244B141934E926000BF3CD /* FXFormsTests.m in Sources */ = {isa = PBXBuildFile; fileRef = 01244B131934E926000BF3CD /* FXFormsTests.m */; };
		01D28C891907BFC80021C719 /* XCTest.framework in Frameworks */ = {isa = PBXBuildFile; fileRef = 01D28C881907BFC80021C719 /* XCTest.framework */; };
		01D28C8A1907BFC80021C719 /* Foundation.framework in Frameworks */ = {isa = PBXBuildFile; fileRef = 01D28C6F1907BFC80021C719 /* Foundation.framework */; };
		01D28C8B1907BFC80021C719 /* UIKit.framework in Frameworks */ = {isa = PBXBuildFile; fileRef = 01D28C731907BFC80021C719 /* UIKit.framework */; };
		01F111DB1950390300A81507 /* FXForms.m in Sources */ = {isa = PBXBuildFile; fileRef = 01F111DA1950390300A81507 /* FXForms.m */; };
		01F111DC19504DBE00A81507 /* CoreGraphics.framework in Frameworks */ = {isa = PBXBuildFile; fileRef = 01D28C711907BFC80021C719 /* CoreGraphics.framework */; };
/* End PBXBuildFile section */

/* Begin PBXFileReference section */
		01244B131934E926000BF3CD /* FXFormsTests.m */ = {isa = PBXFileReference; fileEncoding = 4; lastKnownFileType = sourcecode.c.objc; path = FXFormsTests.m; sourceTree = "<group>"; };
		01D28C6F1907BFC80021C719 /* Foundation.framework */ = {isa = PBXFileReference; lastKnownFileType = wrapper.framework; name = Foundation.framework; path = System/Library/Frameworks/Foundation.framework; sourceTree = SDKROOT; };
		01D28C711907BFC80021C719 /* CoreGraphics.framework */ = {isa = PBXFileReference; lastKnownFileType = wrapper.framework; name = CoreGraphics.framework; path = System/Library/Frameworks/CoreGraphics.framework; sourceTree = SDKROOT; };
		01D28C731907BFC80021C719 /* UIKit.framework */ = {isa = PBXFileReference; lastKnownFileType = wrapper.framework; name = UIKit.framework; path = System/Library/Frameworks/UIKit.framework; sourceTree = SDKROOT; };
		01D28C871907BFC80021C719 /* UnitTests.xctest */ = {isa = PBXFileReference; explicitFileType = wrapper.cfbundle; includeInIndex = 0; path = UnitTests.xctest; sourceTree = BUILT_PRODUCTS_DIR; };
		01D28C881907BFC80021C719 /* XCTest.framework */ = {isa = PBXFileReference; lastKnownFileType = wrapper.framework; name = XCTest.framework; path = Library/Frameworks/XCTest.framework; sourceTree = DEVELOPER_DIR; };
		01D28C901907BFC80021C719 /* UnitTests-Info.plist */ = {isa = PBXFileReference; lastKnownFileType = text.plist.xml; path = "UnitTests-Info.plist"; sourceTree = "<group>"; };
		01F111D91950390300A81507 /* FXForms.h */ = {isa = PBXFileReference; fileEncoding = 4; lastKnownFileType = sourcecode.c.h; path = FXForms.h; sourceTree = "<group>"; };
		01F111DA1950390300A81507 /* FXForms.m */ = {isa = PBXFileReference; fileEncoding = 4; lastKnownFileType = sourcecode.c.objc; path = FXForms.m; sourceTree = "<group>"; };
/* End PBXFileReference section */

/* Begin PBXFrameworksBuildPhase section */
		01D28C841907BFC80021C719 /* Frameworks */ = {
			isa = PBXFrameworksBuildPhase;
			buildActionMask = 2147483647;
			files = (
				01F111DC19504DBE00A81507 /* CoreGraphics.framework in Frameworks */,
				01D28C891907BFC80021C719 /* XCTest.framework in Frameworks */,
				01D28C8B1907BFC80021C719 /* UIKit.framework in Frameworks */,
				01D28C8A1907BFC80021C719 /* Foundation.framework in Frameworks */,
			);
			runOnlyForDeploymentPostprocessing = 0;
		};
/* End PBXFrameworksBuildPhase section */

/* Begin PBXGroup section */
		01D28C631907BFC80021C719 = {
			isa = PBXGroup;
			children = (
				01F111D81950390300A81507 /* FXForms */,
				01D28C8E1907BFC80021C719 /* UnitTests */,
				01D28C6E1907BFC80021C719 /* Frameworks */,
				01D28C6D1907BFC80021C719 /* Products */,
			);
			sourceTree = "<group>";
		};
		01D28C6D1907BFC80021C719 /* Products */ = {
			isa = PBXGroup;
			children = (
				01D28C871907BFC80021C719 /* UnitTests.xctest */,
			);
			name = Products;
			sourceTree = "<group>";
		};
		01D28C6E1907BFC80021C719 /* Frameworks */ = {
			isa = PBXGroup;
			children = (
				01D28C6F1907BFC80021C719 /* Foundation.framework */,
				01D28C711907BFC80021C719 /* CoreGraphics.framework */,
				01D28C731907BFC80021C719 /* UIKit.framework */,
				01D28C881907BFC80021C719 /* XCTest.framework */,
			);
			name = Frameworks;
			sourceTree = "<group>";
		};
		01D28C8E1907BFC80021C719 /* UnitTests */ = {
			isa = PBXGroup;
			children = (
				01244B131934E926000BF3CD /* FXFormsTests.m */,
				01D28C8F1907BFC80021C719 /* Supporting Files */,
			);
			path = UnitTests;
			sourceTree = "<group>";
		};
		01D28C8F1907BFC80021C719 /* Supporting Files */ = {
			isa = PBXGroup;
			children = (
				01D28C901907BFC80021C719 /* UnitTests-Info.plist */,
			);
			name = "Supporting Files";
			sourceTree = "<group>";
		};
		01F111D81950390300A81507 /* FXForms */ = {
			isa = PBXGroup;
			children = (
				01F111D91950390300A81507 /* FXForms.h */,
				01F111DA1950390300A81507 /* FXForms.m */,
			);
			name = FXForms;
			path = ../FXForms;
			sourceTree = "<group>";
		};
/* End PBXGroup section */

/* Begin PBXNativeTarget section */
		01D28C861907BFC80021C719 /* UnitTests */ = {
			isa = PBXNativeTarget;
			buildConfigurationList = 01D28C9B1907BFC80021C719 /* Build configuration list for PBXNativeTarget "UnitTests" */;
			buildPhases = (
				01D28C831907BFC80021C719 /* Sources */,
				01D28C841907BFC80021C719 /* Frameworks */,
				01D28C851907BFC80021C719 /* Resources */,
			);
			buildRules = (
			);
			dependencies = (
			);
			name = UnitTests;
			productName = OSCacheTests;
			productReference = 01D28C871907BFC80021C719 /* UnitTests.xctest */;
			productType = "com.apple.product-type.bundle.unit-test";
		};
/* End PBXNativeTarget section */

/* Begin PBXProject section */
		01D28C641907BFC80021C719 /* Project object */ = {
			isa = PBXProject;
			attributes = {
				LastUpgradeCheck = 0510;
				ORGANIZATIONNAME = "Charcoal Design";
				TargetAttributes = {
					01D28C861907BFC80021C719 = {
						TestTargetID = 01D28C6B1907BFC80021C719;
					};
				};
			};
			buildConfigurationList = 01D28C671907BFC80021C719 /* Build configuration list for PBXProject "UnitTests" */;
			compatibilityVersion = "Xcode 3.2";
			developmentRegion = English;
			hasScannedForEncodings = 0;
			knownRegions = (
				en,
			);
			mainGroup = 01D28C631907BFC80021C719;
			productRefGroup = 01D28C6D1907BFC80021C719 /* Products */;
			projectDirPath = "";
			projectRoot = "";
			targets = (
				01D28C861907BFC80021C719 /* UnitTests */,
			);
		};
/* End PBXProject section */

/* Begin PBXResourcesBuildPhase section */
		01D28C851907BFC80021C719 /* Resources */ = {
			isa = PBXResourcesBuildPhase;
			buildActionMask = 2147483647;
			files = (
			);
			runOnlyForDeploymentPostprocessing = 0;
		};
/* End PBXResourcesBuildPhase section */

/* Begin PBXSourcesBuildPhase section */
		01D28C831907BFC80021C719 /* Sources */ = {
			isa = PBXSourcesBuildPhase;
			buildActionMask = 2147483647;
			files = (
				01244B141934E926000BF3CD /* FXFormsTests.m in Sources */,
				01F111DB1950390300A81507 /* FXForms.m in Sources */,
			);
			runOnlyForDeploymentPostprocessing = 0;
		};
/* End PBXSourcesBuildPhase section */

/* Begin XCBuildConfiguration section */
		01D28C961907BFC80021C719 /* Debug */ = {
			isa = XCBuildConfiguration;
			buildSettings = {
				ALWAYS_SEARCH_USER_PATHS = NO;
				CLANG_CXX_LANGUAGE_STANDARD = "gnu++0x";
				CLANG_CXX_LIBRARY = "libc++";
				CLANG_ENABLE_MODULES = NO;
				CLANG_ENABLE_OBJC_ARC = YES;
				CLANG_WARN_BOOL_CONVERSION = YES;
				CLANG_WARN_CONSTANT_CONVERSION = YES;
				CLANG_WARN_CXX0X_EXTENSIONS = YES;
				CLANG_WARN_DEPRECATED_OBJC_IMPLEMENTATIONS = YES;
				CLANG_WARN_DIRECT_OBJC_ISA_USAGE = YES_ERROR;
				CLANG_WARN_DOCUMENTATION_COMMENTS = YES;
				CLANG_WARN_EMPTY_BODY = YES;
				CLANG_WARN_ENUM_CONVERSION = YES;
				CLANG_WARN_IMPLICIT_SIGN_CONVERSION = YES;
				CLANG_WARN_INT_CONVERSION = YES;
				CLANG_WARN_OBJC_EXPLICIT_OWNERSHIP_TYPE = YES;
				CLANG_WARN_OBJC_IMPLICIT_ATOMIC_PROPERTIES = YES;
				CLANG_WARN_OBJC_IMPLICIT_RETAIN_SELF = YES;
				CLANG_WARN_OBJC_MISSING_PROPERTY_SYNTHESIS = YES;
				CLANG_WARN_OBJC_RECEIVER_WEAK = YES;
				CLANG_WARN_OBJC_REPEATED_USE_OF_WEAK = YES;
				CLANG_WARN_OBJC_ROOT_CLASS = YES_ERROR;
				CLANG_WARN_SUSPICIOUS_IMPLICIT_CONVERSION = YES;
				CLANG_WARN__DUPLICATE_METHOD_MATCH = YES;
				CLANG_WARN__EXIT_TIME_DESTRUCTORS = YES;
				"CODE_SIGN_IDENTITY[sdk=iphoneos*]" = "iPhone Developer";
				COPY_PHASE_STRIP = NO;
				GCC_C_LANGUAGE_STANDARD = gnu99;
				GCC_DYNAMIC_NO_PIC = NO;
				GCC_OPTIMIZATION_LEVEL = 0;
				GCC_PREPROCESSOR_DEFINITIONS = (
					"DEBUG=1",
					"$(inherited)",
				);
				GCC_SHORT_ENUMS = YES;
				GCC_SYMBOLS_PRIVATE_EXTERN = NO;
				GCC_TREAT_IMPLICIT_FUNCTION_DECLARATIONS_AS_ERRORS = YES;
				GCC_TREAT_INCOMPATIBLE_POINTER_TYPE_WARNINGS_AS_ERRORS = YES;
				GCC_TREAT_WARNINGS_AS_ERRORS = YES;
				GCC_WARN_64_TO_32_BIT_CONVERSION = YES;
				GCC_WARN_ABOUT_MISSING_FIELD_INITIALIZERS = YES;
				GCC_WARN_ABOUT_MISSING_NEWLINE = YES;
				GCC_WARN_ABOUT_MISSING_PROTOTYPES = YES;
				GCC_WARN_ABOUT_RETURN_TYPE = YES_ERROR;
				GCC_WARN_FOUR_CHARACTER_CONSTANTS = YES;
				GCC_WARN_HIDDEN_VIRTUAL_FUNCTIONS = YES;
				GCC_WARN_INITIALIZER_NOT_FULLY_BRACKETED = YES;
				GCC_WARN_MULTIPLE_DEFINITION_TYPES_FOR_SELECTOR = YES;
				GCC_WARN_NON_VIRTUAL_DESTRUCTOR = YES;
				GCC_WARN_PEDANTIC = YES;
				GCC_WARN_SHADOW = YES;
				GCC_WARN_SIGN_COMPARE = YES;
				GCC_WARN_STRICT_SELECTOR_MATCH = YES;
				GCC_WARN_UNDECLARED_SELECTOR = YES;
				GCC_WARN_UNINITIALIZED_AUTOS = YES_AGGRESSIVE;
				GCC_WARN_UNKNOWN_PRAGMAS = YES;
				GCC_WARN_UNUSED_FUNCTION = YES;
				GCC_WARN_UNUSED_LABEL = YES;
				GCC_WARN_UNUSED_PARAMETER = YES;
				GCC_WARN_UNUSED_VARIABLE = YES;
				IPHONEOS_DEPLOYMENT_TARGET = 7.1;
				ONLY_ACTIVE_ARCH = YES;
				SDKROOT = iphoneos;
				WARNING_CFLAGS = (
					"-Weverything",
					"-Wno-variadic-macros",
					"-Wno-gnu-zero-variadic-macro-arguments",
					"-Wno-gnu-statement-expression",
					"-Wno-objc-missing-property-synthesis",
					"-Wno-sign-compare",
				);
			};
			name = Debug;
		};
		01D28C971907BFC80021C719 /* Release */ = {
			isa = XCBuildConfiguration;
			buildSettings = {
				ALWAYS_SEARCH_USER_PATHS = NO;
				CLANG_CXX_LANGUAGE_STANDARD = "gnu++0x";
				CLANG_CXX_LIBRARY = "libc++";
				CLANG_ENABLE_MODULES = NO;
				CLANG_ENABLE_OBJC_ARC = YES;
				CLANG_WARN_BOOL_CONVERSION = YES;
				CLANG_WARN_CONSTANT_CONVERSION = YES;
				CLANG_WARN_CXX0X_EXTENSIONS = YES;
				CLANG_WARN_DEPRECATED_OBJC_IMPLEMENTATIONS = YES;
				CLANG_WARN_DIRECT_OBJC_ISA_USAGE = YES_ERROR;
				CLANG_WARN_DOCUMENTATION_COMMENTS = YES;
				CLANG_WARN_EMPTY_BODY = YES;
				CLANG_WARN_ENUM_CONVERSION = YES;
				CLANG_WARN_IMPLICIT_SIGN_CONVERSION = YES;
				CLANG_WARN_INT_CONVERSION = YES;
				CLANG_WARN_OBJC_EXPLICIT_OWNERSHIP_TYPE = YES;
				CLANG_WARN_OBJC_IMPLICIT_ATOMIC_PROPERTIES = YES;
				CLANG_WARN_OBJC_IMPLICIT_RETAIN_SELF = YES;
				CLANG_WARN_OBJC_MISSING_PROPERTY_SYNTHESIS = YES;
				CLANG_WARN_OBJC_RECEIVER_WEAK = YES;
				CLANG_WARN_OBJC_REPEATED_USE_OF_WEAK = YES;
				CLANG_WARN_OBJC_ROOT_CLASS = YES_ERROR;
				CLANG_WARN_SUSPICIOUS_IMPLICIT_CONVERSION = YES;
				CLANG_WARN__DUPLICATE_METHOD_MATCH = YES;
				CLANG_WARN__EXIT_TIME_DESTRUCTORS = YES;
				"CODE_SIGN_IDENTITY[sdk=iphoneos*]" = "iPhone Developer";
				COPY_PHASE_STRIP = YES;
				ENABLE_NS_ASSERTIONS = NO;
				GCC_C_LANGUAGE_STANDARD = gnu99;
				GCC_SHORT_ENUMS = YES;
				GCC_TREAT_IMPLICIT_FUNCTION_DECLARATIONS_AS_ERRORS = YES;
				GCC_TREAT_INCOMPATIBLE_POINTER_TYPE_WARNINGS_AS_ERRORS = YES;
				GCC_TREAT_WARNINGS_AS_ERRORS = YES;
				GCC_WARN_64_TO_32_BIT_CONVERSION = YES;
				GCC_WARN_ABOUT_MISSING_FIELD_INITIALIZERS = YES;
				GCC_WARN_ABOUT_MISSING_NEWLINE = YES;
				GCC_WARN_ABOUT_MISSING_PROTOTYPES = YES;
				GCC_WARN_ABOUT_RETURN_TYPE = YES_ERROR;
				GCC_WARN_FOUR_CHARACTER_CONSTANTS = YES;
				GCC_WARN_HIDDEN_VIRTUAL_FUNCTIONS = YES;
				GCC_WARN_INITIALIZER_NOT_FULLY_BRACKETED = YES;
				GCC_WARN_MULTIPLE_DEFINITION_TYPES_FOR_SELECTOR = YES;
				GCC_WARN_NON_VIRTUAL_DESTRUCTOR = YES;
				GCC_WARN_PEDANTIC = YES;
				GCC_WARN_SHADOW = YES;
				GCC_WARN_SIGN_COMPARE = YES;
				GCC_WARN_STRICT_SELECTOR_MATCH = YES;
				GCC_WARN_UNDECLARED_SELECTOR = YES;
				GCC_WARN_UNINITIALIZED_AUTOS = YES_AGGRESSIVE;
				GCC_WARN_UNKNOWN_PRAGMAS = YES;
				GCC_WARN_UNUSED_FUNCTION = YES;
				GCC_WARN_UNUSED_LABEL = YES;
				GCC_WARN_UNUSED_PARAMETER = YES;
				GCC_WARN_UNUSED_VARIABLE = YES;
				IPHONEOS_DEPLOYMENT_TARGET = 7.1;
				SDKROOT = iphoneos;
				VALIDATE_PRODUCT = YES;
				WARNING_CFLAGS = (
					"-Weverything",
					"-Wno-variadic-macros",
					"-Wno-gnu-zero-variadic-macro-arguments",
					"-Wno-gnu-statement-expression",
					"-Wno-objc-missing-property-synthesis",
					"-Wno-sign-compare",
				);
			};
			name = Release;
		};
		01D28C9C1907BFC80021C719 /* Debug */ = {
			isa = XCBuildConfiguration;
			buildSettings = {
				FRAMEWORK_SEARCH_PATHS = (
					"$(SDKROOT)/Developer/Library/Frameworks",
					"$(inherited)",
					"$(DEVELOPER_FRAMEWORKS_DIR)",
				);
				GCC_PRECOMPILE_PREFIX_HEADER = YES;
				GCC_PREPROCESSOR_DEFINITIONS = (
					"DEBUG=1",
					"$(inherited)",
				);
				INFOPLIST_FILE = "UnitTests/UnitTests-Info.plist";
				PRODUCT_NAME = UnitTests;
				TEST_HOST = "$(BUNDLE_LOADER)";
				WARNING_CFLAGS = (
					"-Weverything",
					"-Wno-variadic-macros",
					"-Wno-gnu-zero-variadic-macro-arguments",
					"-Wno-gnu-statement-expression",
					"-Wno-objc-missing-property-synthesis",
					"-Wno-sign-compare",
					"-Wno-documentation-unknown-command",
				);
				WRAPPER_EXTENSION = xctest;
			};
			name = Debug;
		};
		01D28C9D1907BFC80021C719 /* Release */ = {
			isa = XCBuildConfiguration;
			buildSettings = {
				FRAMEWORK_SEARCH_PATHS = (
					"$(SDKROOT)/Developer/Library/Frameworks",
					"$(inherited)",
					"$(DEVELOPER_FRAMEWORKS_DIR)",
				);
				GCC_PRECOMPILE_PREFIX_HEADER = YES;
				INFOPLIST_FILE = "UnitTests/UnitTests-Info.plist";
				PRODUCT_NAME = UnitTests;
				TEST_HOST = "$(BUNDLE_LOADER)";
				WARNING_CFLAGS = (
					"-Weverything",
					"-Wno-variadic-macros",
					"-Wno-gnu-zero-variadic-macro-arguments",
					"-Wno-gnu-statement-expression",
					"-Wno-objc-missing-property-synthesis",
					"-Wno-sign-compare",
					"-Wno-documentation-unknown-command",
				);
				WRAPPER_EXTENSION = xctest;
			};
			name = Release;
		};
/* End XCBuildConfiguration section */

/* Begin XCConfigurationList section */
		01D28C671907BFC80021C719 /* Build configuration list for PBXProject "UnitTests" */ = {
			isa = XCConfigurationList;
			buildConfigurations = (
				01D28C961907BFC80021C719 /* Debug */,
				01D28C971907BFC80021C719 /* Release */,
			);
			defaultConfigurationIsVisible = 0;
			defaultConfigurationName = Release;
		};
		01D28C9B1907BFC80021C719 /* Build configuration list for PBXNativeTarget "UnitTests" */ = {
			isa = XCConfigurationList;
			buildConfigurations = (
				01D28C9C1907BFC80021C719 /* Debug */,
				01D28C9D1907BFC80021C719 /* Release */,
			);
			defaultConfigurationIsVisible = 0;
			defaultConfigurationName = Release;
		};
/* End XCConfigurationList section */
	};
	rootObject = 01D28C641907BFC80021C719 /* Project object */;
}
