// !$*UTF8*$!
{
	archiveVersion = 1;
	classes = {
	};
	objectVersion = 46;
	objects = {

/* Begin PBXBuildFile section */
		01645D3B19D943F40063EC7B /* AppDelegate.swift in Sources */ = {isa = PBXBuildFile; fileRef = 01645D3A19D943F40063EC7B /* AppDelegate.swift */; };
		01645D3D19D943F40063EC7B /* RegistrationFormViewController.swift in Sources */ = {isa = PBXBuildFile; fileRef = 01645D3C19D943F40063EC7B /* RegistrationFormViewController.swift */; };
		01645D4019D943F40063EC7B /* Main.storyboard in Resources */ = {isa = PBXBuildFile; fileRef = 01645D3E19D943F40063EC7B /* Main.storyboard */; };
		01645D4219D943F40063EC7B /* Images.xcassets in Resources */ = {isa = PBXBuildFile; fileRef = 01645D4119D943F40063EC7B /* Images.xcassets */; };
		01645D4519D943F40063EC7B /* LaunchScreen.xib in Resources */ = {isa = PBXBuildFile; fileRef = 01645D4319D943F40063EC7B /* LaunchScreen.xib */; };
		01645D5D19D944080063EC7B /* FXForms.m in Sources */ = {isa = PBXBuildFile; fileRef = 01645D5C19D944080063EC7B /* FXForms.m */; };
		01645D6219D944BE0063EC7B /* RegistrationForm.swift in Sources */ = {isa = PBXBuildFile; fileRef = 01645D6119D944BE0063EC7B /* RegistrationForm.swift */; };
		01645D6519D9559E0063EC7B /* ISO3166CountryValueTransformer.swift in Sources */ = {isa = PBXBuildFile; fileRef = 01645D6419D9559E0063EC7B /* ISO3166CountryValueTransformer.swift */; };
		1EF7B8EF1B5E9885000B19D6 /* SubmitButtonCell.xib in Resources */ = {isa = PBXBuildFile; fileRef = 1EF7B8EE1B5E9885000B19D6 /* SubmitButtonCell.xib */; };
		1EF7B8F11B5E991F000B19D6 /* SubmitButtonCell.swift in Sources */ = {isa = PBXBuildFile; fileRef = 1EF7B8F01B5E991F000B19D6 /* SubmitButtonCell.swift */; };
/* End PBXBuildFile section */

/* Begin PBXFileReference section */
		01645D3519D943F40063EC7B /* SwiftExample.app */ = {isa = PBXFileReference; explicitFileType = wrapper.application; includeInIndex = 0; path = SwiftExample.app; sourceTree = BUILT_PRODUCTS_DIR; };
		01645D3919D943F40063EC7B /* Info.plist */ = {isa = PBXFileReference; lastKnownFileType = text.plist.xml; path = Info.plist; sourceTree = "<group>"; };
		01645D3A19D943F40063EC7B /* AppDelegate.swift */ = {isa = PBXFileReference; lastKnownFileType = sourcecode.swift; path = AppDelegate.swift; sourceTree = "<group>"; };
		01645D3C19D943F40063EC7B /* RegistrationFormViewController.swift */ = {isa = PBXFileReference; lastKnownFileType = sourcecode.swift; path = RegistrationFormViewController.swift; sourceTree = "<group>"; };
		01645D3F19D943F40063EC7B /* Base */ = {isa = PBXFileReference; lastKnownFileType = file.storyboard; name = Base; path = Base.lproj/Main.storyboard; sourceTree = "<group>"; };
		01645D4119D943F40063EC7B /* Images.xcassets */ = {isa = PBXFileReference; lastKnownFileType = folder.assetcatalog; path = Images.xcassets; sourceTree = "<group>"; };
		01645D4419D943F40063EC7B /* Base */ = {isa = PBXFileReference; lastKnownFileType = file.xib; name = Base; path = Base.lproj/LaunchScreen.xib; sourceTree = "<group>"; };
		01645D5B19D944080063EC7B /* FXForms.h */ = {isa = PBXFileReference; fileEncoding = 4; lastKnownFileType = sourcecode.c.h; path = FXForms.h; sourceTree = "<group>"; };
		01645D5C19D944080063EC7B /* FXForms.m */ = {isa = PBXFileReference; fileEncoding = 4; lastKnownFileType = sourcecode.c.objc; path = FXForms.m; sourceTree = "<group>"; };
		01645D6119D944BE0063EC7B /* RegistrationForm.swift */ = {isa = PBXFileReference; fileEncoding = 4; lastKnownFileType = sourcecode.swift; path = RegistrationForm.swift; sourceTree = "<group>"; };
		01645D6319D9452A0063EC7B /* SwiftExample-Bridging-Header.h */ = {isa = PBXFileReference; fileEncoding = 4; lastKnownFileType = sourcecode.c.h; path = "SwiftExample-Bridging-Header.h"; sourceTree = "<group>"; };
		01645D6419D9559E0063EC7B /* ISO3166CountryValueTransformer.swift */ = {isa = PBXFileReference; fileEncoding = 4; lastKnownFileType = sourcecode.swift; path = ISO3166CountryValueTransformer.swift; sourceTree = "<group>"; };
		1EF7B8EE1B5E9885000B19D6 /* SubmitButtonCell.xib */ = {isa = PBXFileReference; fileEncoding = 4; lastKnownFileType = file.xib; path = SubmitButtonCell.xib; sourceTree = "<group>"; };
		1EF7B8F01B5E991F000B19D6 /* SubmitButtonCell.swift */ = {isa = PBXFileReference; fileEncoding = 4; lastKnownFileType = sourcecode.swift; path = SubmitButtonCell.swift; sourceTree = "<group>"; };
/* End PBXFileReference section */

/* Begin PBXFrameworksBuildPhase section */
		01645D3219D943F40063EC7B /* Frameworks */ = {
			isa = PBXFrameworksBuildPhase;
			buildActionMask = 2147483647;
			files = (
			);
			runOnlyForDeploymentPostprocessing = 0;
		};
/* End PBXFrameworksBuildPhase section */

/* Begin PBXGroup section */
		01645D2C19D943F40063EC7B = {
			isa = PBXGroup;
			children = (
				01645D5A19D944080063EC7B /* FXForms */,
				01645D3719D943F40063EC7B /* SwiftExample */,
				01645D3619D943F40063EC7B /* Products */,
			);
			sourceTree = "<group>";
		};
		01645D3619D943F40063EC7B /* Products */ = {
			isa = PBXGroup;
			children = (
				01645D3519D943F40063EC7B /* SwiftExample.app */,
			);
			name = Products;
			sourceTree = "<group>";
		};
		01645D3719D943F40063EC7B /* SwiftExample */ = {
			isa = PBXGroup;
			children = (
				1EF7B8ED1B5E986F000B19D6 /* Cells */,
				01645D5E19D944350063EC7B /* Transformers */,
				01645D6019D9444F0063EC7B /* Models */,
				01645D5F19D9443F0063EC7B /* Controllers */,
				01645D3819D943F40063EC7B /* Supporting Files */,
			);
			path = SwiftExample;
			sourceTree = "<group>";
		};
		01645D3819D943F40063EC7B /* Supporting Files */ = {
			isa = PBXGroup;
			children = (
				01645D6319D9452A0063EC7B /* SwiftExample-Bridging-Header.h */,
				01645D4119D943F40063EC7B /* Images.xcassets */,
				01645D4319D943F40063EC7B /* LaunchScreen.xib */,
				01645D3919D943F40063EC7B /* Info.plist */,
			);
			name = "Supporting Files";
			sourceTree = "<group>";
		};
		01645D5A19D944080063EC7B /* FXForms */ = {
			isa = PBXGroup;
			children = (
				01645D5B19D944080063EC7B /* FXForms.h */,
				01645D5C19D944080063EC7B /* FXForms.m */,
			);
			name = FXForms;
			path = ../../FXForms;
			sourceTree = "<group>";
		};
		01645D5E19D944350063EC7B /* Transformers */ = {
			isa = PBXGroup;
			children = (
				01645D6419D9559E0063EC7B /* ISO3166CountryValueTransformer.swift */,
			);
			name = Transformers;
			sourceTree = "<group>";
		};
		01645D5F19D9443F0063EC7B /* Controllers */ = {
			isa = PBXGroup;
			children = (
				01645D3A19D943F40063EC7B /* AppDelegate.swift */,
				01645D3C19D943F40063EC7B /* RegistrationFormViewController.swift */,
				01645D3E19D943F40063EC7B /* Main.storyboard */,
			);
			name = Controllers;
			sourceTree = "<group>";
		};
		01645D6019D9444F0063EC7B /* Models */ = {
			isa = PBXGroup;
			children = (
				01645D6119D944BE0063EC7B /* RegistrationForm.swift */,
			);
			name = Models;
			sourceTree = "<group>";
		};
		1EF7B8ED1B5E986F000B19D6 /* Cells */ = {
			isa = PBXGroup;
			children = (
				1EF7B8EE1B5E9885000B19D6 /* SubmitButtonCell.xib */,
				1EF7B8F01B5E991F000B19D6 /* SubmitButtonCell.swift */,
			);
			name = Cells;
			sourceTree = "<group>";
		};
/* End PBXGroup section */

/* Begin PBXNativeTarget section */
		01645D3419D943F40063EC7B /* SwiftExample */ = {
			isa = PBXNativeTarget;
			buildConfigurationList = 01645D5419D943F40063EC7B /* Build configuration list for PBXNativeTarget "SwiftExample" */;
			buildPhases = (
				01645D3119D943F40063EC7B /* Sources */,
				01645D3219D943F40063EC7B /* Frameworks */,
				01645D3319D943F40063EC7B /* Resources */,
			);
			buildRules = (
			);
			dependencies = (
			);
			name = SwiftExample;
			productName = SwiftExample;
			productReference = 01645D3519D943F40063EC7B /* SwiftExample.app */;
			productType = "com.apple.product-type.application";
		};
/* End PBXNativeTarget section */

/* Begin PBXProject section */
		01645D2D19D943F40063EC7B /* Project object */ = {
			isa = PBXProject;
			attributes = {
				LastSwiftUpdateCheck = 0700;
				LastUpgradeCheck = 0600;
				ORGANIZATIONNAME = "Nick Lockwood";
				TargetAttributes = {
					01645D3419D943F40063EC7B = {
						CreatedOnToolsVersion = 6.0.1;
					};
				};
			};
			buildConfigurationList = 01645D3019D943F40063EC7B /* Build configuration list for PBXProject "SwiftExample" */;
			compatibilityVersion = "Xcode 3.2";
			developmentRegion = English;
			hasScannedForEncodings = 0;
			knownRegions = (
				en,
				Base,
			);
			mainGroup = 01645D2C19D943F40063EC7B;
			productRefGroup = 01645D3619D943F40063EC7B /* Products */;
			projectDirPath = "";
			projectRoot = "";
			targets = (
				01645D3419D943F40063EC7B /* SwiftExample */,
			);
		};
/* End PBXProject section */

/* Begin PBXResourcesBuildPhase section */
		01645D3319D943F40063EC7B /* Resources */ = {
			isa = PBXResourcesBuildPhase;
			buildActionMask = 2147483647;
			files = (
				01645D4019D943F40063EC7B /* Main.storyboard in Resources */,
				1EF7B8EF1B5E9885000B19D6 /* SubmitButtonCell.xib in Resources */,
				01645D4519D943F40063EC7B /* LaunchScreen.xib in Resources */,
				01645D4219D943F40063EC7B /* Images.xcassets in Resources */,
			);
			runOnlyForDeploymentPostprocessing = 0;
		};
/* End PBXResourcesBuildPhase section */

/* Begin PBXSourcesBuildPhase section */
		01645D3119D943F40063EC7B /* Sources */ = {
			isa = PBXSourcesBuildPhase;
			buildActionMask = 2147483647;
			files = (
				01645D6219D944BE0063EC7B /* RegistrationForm.swift in Sources */,
				01645D6519D9559E0063EC7B /* ISO3166CountryValueTransformer.swift in Sources */,
				01645D3D19D943F40063EC7B /* RegistrationFormViewController.swift in Sources */,
				1EF7B8F11B5E991F000B19D6 /* SubmitButtonCell.swift in Sources */,
				01645D5D19D944080063EC7B /* FXForms.m in Sources */,
				01645D3B19D943F40063EC7B /* AppDelegate.swift in Sources */,
			);
			runOnlyForDeploymentPostprocessing = 0;
		};
/* End PBXSourcesBuildPhase section */

/* Begin PBXVariantGroup section */
		01645D3E19D943F40063EC7B /* Main.storyboard */ = {
			isa = PBXVariantGroup;
			children = (
				01645D3F19D943F40063EC7B /* Base */,
			);
			name = Main.storyboard;
			sourceTree = "<group>";
		};
		01645D4319D943F40063EC7B /* LaunchScreen.xib */ = {
			isa = PBXVariantGroup;
			children = (
				01645D4419D943F40063EC7B /* Base */,
			);
			name = LaunchScreen.xib;
			sourceTree = "<group>";
		};
/* End PBXVariantGroup section */

/* Begin XCBuildConfiguration section */
		01645D5219D943F40063EC7B /* Debug */ = {
			isa = XCBuildConfiguration;
			buildSettings = {
				ALWAYS_SEARCH_USER_PATHS = NO;
				CLANG_CXX_LANGUAGE_STANDARD = "gnu++0x";
				CLANG_CXX_LIBRARY = "libc++";
				CLANG_ENABLE_MODULES = YES;
				CLANG_ENABLE_OBJC_ARC = YES;
				CLANG_WARN_BOOL_CONVERSION = YES;
				CLANG_WARN_CONSTANT_CONVERSION = YES;
				CLANG_WARN_DIRECT_OBJC_ISA_USAGE = YES_ERROR;
				CLANG_WARN_EMPTY_BODY = YES;
				CLANG_WARN_ENUM_CONVERSION = YES;
				CLANG_WARN_INT_CONVERSION = YES;
				CLANG_WARN_OBJC_ROOT_CLASS = YES_ERROR;
				CLANG_WARN_UNREACHABLE_CODE = YES;
				CLANG_WARN__DUPLICATE_METHOD_MATCH = YES;
				"CODE_SIGN_IDENTITY[sdk=iphoneos*]" = "iPhone Developer";
				COPY_PHASE_STRIP = NO;
				ENABLE_STRICT_OBJC_MSGSEND = YES;
				GCC_C_LANGUAGE_STANDARD = gnu99;
				GCC_DYNAMIC_NO_PIC = NO;
				GCC_OPTIMIZATION_LEVEL = 0;
				GCC_PREPROCESSOR_DEFINITIONS = (
					"DEBUG=1",
					"$(inherited)",
				);
				GCC_SYMBOLS_PRIVATE_EXTERN = NO;
				GCC_WARN_64_TO_32_BIT_CONVERSION = YES;
				GCC_WARN_ABOUT_RETURN_TYPE = YES_ERROR;
				GCC_WARN_UNDECLARED_SELECTOR = YES;
				GCC_WARN_UNINITIALIZED_AUTOS = YES_AGGRESSIVE;
				GCC_WARN_UNUSED_FUNCTION = YES;
				GCC_WARN_UNUSED_VARIABLE = YES;
				IPHONEOS_DEPLOYMENT_TARGET = 8.0;
				MTL_ENABLE_DEBUG_INFO = YES;
				ONLY_ACTIVE_ARCH = YES;
				SDKROOT = iphoneos;
				SWIFT_OPTIMIZATION_LEVEL = "-Onone";
			};
			name = Debug;
		};
		01645D5319D943F40063EC7B /* Release */ = {
			isa = XCBuildConfiguration;
			buildSettings = {
				ALWAYS_SEARCH_USER_PATHS = NO;
				CLANG_CXX_LANGUAGE_STANDARD = "gnu++0x";
				CLANG_CXX_LIBRARY = "libc++";
				CLANG_ENABLE_MODULES = YES;
				CLANG_ENABLE_OBJC_ARC = YES;
				CLANG_WARN_BOOL_CONVERSION = YES;
				CLANG_WARN_CONSTANT_CONVERSION = YES;
				CLANG_WARN_DIRECT_OBJC_ISA_USAGE = YES_ERROR;
				CLANG_WARN_EMPTY_BODY = YES;
				CLANG_WARN_ENUM_CONVERSION = YES;
				CLANG_WARN_INT_CONVERSION = YES;
				CLANG_WARN_OBJC_ROOT_CLASS = YES_ERROR;
				CLANG_WARN_UNREACHABLE_CODE = YES;
				CLANG_WARN__DUPLICATE_METHOD_MATCH = YES;
				"CODE_SIGN_IDENTITY[sdk=iphoneos*]" = "iPhone Developer";
				COPY_PHASE_STRIP = YES;
				ENABLE_NS_ASSERTIONS = NO;
				ENABLE_STRICT_OBJC_MSGSEND = YES;
				GCC_C_LANGUAGE_STANDARD = gnu99;
				GCC_WARN_64_TO_32_BIT_CONVERSION = YES;
				GCC_WARN_ABOUT_RETURN_TYPE = YES_ERROR;
				GCC_WARN_UNDECLARED_SELECTOR = YES;
				GCC_WARN_UNINITIALIZED_AUTOS = YES_AGGRESSIVE;
				GCC_WARN_UNUSED_FUNCTION = YES;
				GCC_WARN_UNUSED_VARIABLE = YES;
				IPHONEOS_DEPLOYMENT_TARGET = 8.0;
				MTL_ENABLE_DEBUG_INFO = NO;
				SDKROOT = iphoneos;
				VALIDATE_PRODUCT = YES;
			};
			name = Release;
		};
		01645D5519D943F40063EC7B /* Debug */ = {
			isa = XCBuildConfiguration;
			buildSettings = {
				ASSETCATALOG_COMPILER_APPICON_NAME = AppIcon;
				INFOPLIST_FILE = SwiftExample/Info.plist;
				LD_RUNPATH_SEARCH_PATHS = "$(inherited) @executable_path/Frameworks";
				PRODUCT_NAME = "$(TARGET_NAME)";
				SWIFT_OBJC_BRIDGING_HEADER = "SwiftExample/SwiftExample-Bridging-Header.h";
			};
			name = Debug;
		};
		01645D5619D943F40063EC7B /* Release */ = {
			isa = XCBuildConfiguration;
			buildSettings = {
				ASSETCATALOG_COMPILER_APPICON_NAME = AppIcon;
				INFOPLIST_FILE = SwiftExample/Info.plist;
				LD_RUNPATH_SEARCH_PATHS = "$(inherited) @executable_path/Frameworks";
				PRODUCT_NAME = "$(TARGET_NAME)";
				SWIFT_OBJC_BRIDGING_HEADER = "SwiftExample/SwiftExample-Bridging-Header.h";
			};
			name = Release;
		};
/* End XCBuildConfiguration section */

/* Begin XCConfigurationList section */
		01645D3019D943F40063EC7B /* Build configuration list for PBXProject "SwiftExample" */ = {
			isa = XCConfigurationList;
			buildConfigurations = (
				01645D5219D943F40063EC7B /* Debug */,
				01645D5319D943F40063EC7B /* Release */,
			);
			defaultConfigurationIsVisible = 0;
			defaultConfigurationName = Release;
		};
		01645D5419D943F40063EC7B /* Build configuration list for PBXNativeTarget "SwiftExample" */ = {
			isa = XCConfigurationList;
			buildConfigurations = (
				01645D5519D943F40063EC7B /* Debug */,
				01645D5619D943F40063EC7B /* Release */,
			);
			defaultConfigurationIsVisible = 0;
			defaultConfigurationName = Release;
		};
/* End XCConfigurationList section */
	};
	rootObject = 01645D2D19D943F40063EC7B /* Project object */;
}
